
Microsoft Visual Studio Solution File, Format Version 12.00
# Visual Studio 2013
VisualStudioVersion = 12.0.21005.1
MinimumVisualStudioVersion = 10.0.40219.1
Project("{FAE04EC0-301F-11D3-BF4B-00C04F79EFBC}") = "StackoverFlow.Web", "StackoverFlow.Web\StackoverFlow.Web.csproj", "{FFDA8BDE-224A-4EB2-9AFD-C4ABAC947FEE}"
EndProject
Project("{FAE04EC0-301F-11D3-BF4B-00C04F79EFBC}") = "StackOverFlow.Domain", "StackOverFlow.Domain\StackOverFlow.Domain.csproj", "{CFAAC0F1-5C02-4C01-9DE2-9CACFD3D5B30}"
EndProject
Project("{FAE04EC0-301F-11D3-BF4B-00C04F79EFBC}") = "StackOverflow.Data", "StackOverflow.Data\StackOverflow.Data.csproj", "{981AA8DB-739D-4F51-A954-B9BDB3902B9D}"
EndProject
Global
	GlobalSection(SolutionConfigurationPlatforms) = preSolution
		Debug|Any CPU = Debug|Any CPU
		Release|Any CPU = Release|Any CPU
	EndGlobalSection
	GlobalSection(ProjectConfigurationPlatforms) = postSolution
		{FFDA8BDE-224A-4EB2-9AFD-C4ABAC947FEE}.Debug|Any CPU.ActiveCfg = Debug|Any CPU
		{FFDA8BDE-224A-4EB2-9AFD-C4ABAC947FEE}.Debug|Any CPU.Build.0 = Debug|Any CPU
		{FFDA8BDE-224A-4EB2-9AFD-C4ABAC947FEE}.Release|Any CPU.ActiveCfg = Release|Any CPU
		{FFDA8BDE-224A-4EB2-9AFD-C4ABAC947FEE}.Release|Any CPU.Build.0 = Release|Any CPU
		{CFAAC0F1-5C02-4C01-9DE2-9CACFD3D5B30}.Debug|Any CPU.ActiveCfg = Debug|Any CPU
		{CFAAC0F1-5C02-4C01-9DE2-9CACFD3D5B30}.Debug|Any CPU.Build.0 = Debug|Any CPU
		{CFAAC0F1-5C02-4C01-9DE2-9CACFD3D5B30}.Release|Any CPU.ActiveCfg = Release|Any CPU
		{CFAAC0F1-5C02-4C01-9DE2-9CACFD3D5B30}.Release|Any CPU.Build.0 = Release|Any CPU
		{981AA8DB-739D-4F51-A954-B9BDB3902B9D}.Debug|Any CPU.ActiveCfg = Debug|Any CPU
		{981AA8DB-739D-4F51-A954-B9BDB3902B9D}.Debug|Any CPU.Build.0 = Debug|Any CPU
		{981AA8DB-739D-4F51-A954-B9BDB3902B9D}.Release|Any CPU.ActiveCfg = Release|Any CPU
		{981AA8DB-739D-4F51-A954-B9BDB3902B9D}.Release|Any CPU.Build.0 = Release|Any CPU
	EndGlobalSection
	GlobalSection(SolutionProperties) = preSolution
		HideSolutionNode = FALSE
	EndGlobalSection
EndGlobal
